// !$*UTF8*$!
{
	archiveVersion = 1;
	classes = {
	};
	objectVersion = 50;
	objects = {

/* Begin PBXBuildFile section */
		554AD33B216CB417008DF021 /* shapeView.swift in Sources */ = {isa = PBXBuildFile; fileRef = 554AD33A216CB417008DF021 /* shapeView.swift */; };
		554AD33F216CD9BD008DF021 /* Assets.xcassets in Resources */ = {isa = PBXBuildFile; fileRef = 554AD33E216CD9BD008DF021 /* Assets.xcassets */; };
		558FB25E216C93A000E3AB0D /* AppDelegate.swift in Sources */ = {isa = PBXBuildFile; fileRef = 558FB25D216C93A000E3AB0D /* AppDelegate.swift */; };
		558FB260216C93A000E3AB0D /* ViewController.swift in Sources */ = {isa = PBXBuildFile; fileRef = 558FB25F216C93A000E3AB0D /* ViewController.swift */; };
		558FB263216C93A000E3AB0D /* Main.storyboard in Resources */ = {isa = PBXBuildFile; fileRef = 558FB261216C93A000E3AB0D /* Main.storyboard */; };
		558FB268216C93A200E3AB0D /* LaunchScreen.storyboard in Resources */ = {isa = PBXBuildFile; fileRef = 558FB266216C93A200E3AB0D /* LaunchScreen.storyboard */; };
/* End PBXBuildFile section */

/* Begin PBXFileReference section */
		554AD33A216CB417008DF021 /* shapeView.swift */ = {isa = PBXFileReference; lastKnownFileType = sourcecode.swift; path = shapeView.swift; sourceTree = "<group>"; };
		554AD33E216CD9BD008DF021 /* Assets.xcassets */ = {isa = PBXFileReference; lastKnownFileType = folder.assetcatalog; path = Assets.xcassets; sourceTree = "<group>"; };
		558FB25A216C93A000E3AB0D /* D06.app */ = {isa = PBXFileReference; explicitFileType = wrapper.application; includeInIndex = 0; path = D06.app; sourceTree = BUILT_PRODUCTS_DIR; };
		558FB25D216C93A000E3AB0D /* AppDelegate.swift */ = {isa = PBXFileReference; lastKnownFileType = sourcecode.swift; path = AppDelegate.swift; sourceTree = "<group>"; };
		558FB25F216C93A000E3AB0D /* ViewController.swift */ = {isa = PBXFileReference; lastKnownFileType = sourcecode.swift; path = ViewController.swift; sourceTree = "<group>"; };
		558FB262216C93A000E3AB0D /* Base */ = {isa = PBXFileReference; lastKnownFileType = file.storyboard; name = Base; path = Base.lproj/Main.storyboard; sourceTree = "<group>"; };
		558FB267216C93A200E3AB0D /* Base */ = {isa = PBXFileReference; lastKnownFileType = file.storyboard; name = Base; path = Base.lproj/LaunchScreen.storyboard; sourceTree = "<group>"; };
		558FB269216C93A200E3AB0D /* Info.plist */ = {isa = PBXFileReference; lastKnownFileType = text.plist.xml; path = Info.plist; sourceTree = "<group>"; };
/* End PBXFileReference section */

/* Begin PBXFrameworksBuildPhase section */
		558FB257216C93A000E3AB0D /* Frameworks */ = {
			isa = PBXFrameworksBuildPhase;
			buildActionMask = 2147483647;
			files = (
			);
			runOnlyForDeploymentPostprocessing = 0;
		};
/* End PBXFrameworksBuildPhase section */

/* Begin PBXGroup section */
		558FB251216C93A000E3AB0D = {
			isa = PBXGroup;
			children = (
				558FB25C216C93A000E3AB0D /* D06 */,
				558FB25B216C93A000E3AB0D /* Products */,
			);
			sourceTree = "<group>";
		};
		558FB25B216C93A000E3AB0D /* Products */ = {
			isa = PBXGroup;
			children = (
				558FB25A216C93A000E3AB0D /* D06.app */,
			);
			name = Products;
			sourceTree = "<group>";
		};
		558FB25C216C93A000E3AB0D /* D06 */ = {
			isa = PBXGroup;
			children = (
				558FB25D216C93A000E3AB0D /* AppDelegate.swift */,
				558FB25F216C93A000E3AB0D /* ViewController.swift */,
				558FB261216C93A000E3AB0D /* Main.storyboard */,
				554AD33A216CB417008DF021 /* shapeView.swift */,
				554AD33E216CD9BD008DF021 /* Assets.xcassets */,
				558FB266216C93A200E3AB0D /* LaunchScreen.storyboard */,
				558FB269216C93A200E3AB0D /* Info.plist */,
			);
			path = D06;
			sourceTree = "<group>";
		};
/* End PBXGroup section */

/* Begin PBXNativeTarget section */
		558FB259216C93A000E3AB0D /* D06 */ = {
			isa = PBXNativeTarget;
			buildConfigurationList = 558FB26C216C93A200E3AB0D /* Build configuration list for PBXNativeTarget "D06" */;
			buildPhases = (
				558FB256216C93A000E3AB0D /* Sources */,
				558FB257216C93A000E3AB0D /* Frameworks */,
				558FB258216C93A000E3AB0D /* Resources */,
			);
			buildRules = (
			);
			dependencies = (
			);
			name = D06;
			productName = D06;
			productReference = 558FB25A216C93A000E3AB0D /* D06.app */;
			productType = "com.apple.product-type.application";
		};
/* End PBXNativeTarget section */

/* Begin PBXProject section */
		558FB252216C93A000E3AB0D /* Project object */ = {
			isa = PBXProject;
			attributes = {
				LastSwiftUpdateCheck = 0940;
				LastUpgradeCheck = 0940;
				ORGANIZATIONNAME = "Mfundo MTHETHWA";
				TargetAttributes = {
					558FB259216C93A000E3AB0D = {
						CreatedOnToolsVersion = 9.4.1;
					};
				};
			};
			buildConfigurationList = 558FB255216C93A000E3AB0D /* Build configuration list for PBXProject "D06" */;
			compatibilityVersion = "Xcode 9.3";
			developmentRegion = en;
			hasScannedForEncodings = 0;
			knownRegions = (
				en,
				Base,
			);
			mainGroup = 558FB251216C93A000E3AB0D;
			productRefGroup = 558FB25B216C93A000E3AB0D /* Products */;
			projectDirPath = "";
			projectRoot = "";
			targets = (
				558FB259216C93A000E3AB0D /* D06 */,
			);
		};
/* End PBXProject section */

/* Begin PBXResourcesBuildPhase section */
		558FB258216C93A000E3AB0D /* Resources */ = {
			isa = PBXResourcesBuildPhase;
			buildActionMask = 2147483647;
			files = (
				558FB268216C93A200E3AB0D /* LaunchScreen.storyboard in Resources */,
				554AD33F216CD9BD008DF021 /* Assets.xcassets in Resources */,
				558FB263216C93A000E3AB0D /* Main.storyboard in Resources */,
			);
			runOnlyForDeploymentPostprocessing = 0;
		};
/* End PBXResourcesBuildPhase section */

/* Begin PBXSourcesBuildPhase section */
		558FB256216C93A000E3AB0D /* Sources */ = {
			isa = PBXSourcesBuildPhase;
			buildActionMask = 2147483647;
			files = (
				558FB260216C93A000E3AB0D /* ViewController.swift in Sources */,
				554AD33B216CB417008DF021 /* shapeView.swift in Sources */,
				558FB25E216C93A000E3AB0D /* AppDelegate.swift in Sources */,
			);
			runOnlyForDeploymentPostprocessing = 0;
		};
/* End PBXSourcesBuildPhase section */

/* Begin PBXVariantGroup section */
		558FB261216C93A000E3AB0D /* Main.storyboard */ = {
			isa = PBXVariantGroup;
			children = (
				558FB262216C93A000E3AB0D /* Base */,
			);
			name = Main.storyboard;
			sourceTree = "<group>";
		};
		558FB266216C93A200E3AB0D /* LaunchScreen.storyboard */ = {
			isa = PBXVariantGroup;
			children = (
				558FB267216C93A200E3AB0D /* Base */,
			);
			name = LaunchScreen.storyboard;
			sourceTree = "<group>";
		};
/* End PBXVariantGroup section */

/* Begin XCBuildConfiguration section */
		558FB26A216C93A200E3AB0D /* Debug */ = {
			isa = XCBuildConfiguration;
			buildSettings = {
				ALWAYS_SEARCH_USER_PATHS = NO;
				CLANG_ANALYZER_NONNULL = YES;
				CLANG_ANALYZER_NUMBER_OBJECT_CONVERSION = YES_AGGRESSIVE;
				CLANG_CXX_LANGUAGE_STANDARD = "gnu++14";
				CLANG_CXX_LIBRARY = "libc++";
				CLANG_ENABLE_MODULES = YES;
				CLANG_ENABLE_OBJC_ARC = YES;
				CLANG_ENABLE_OBJC_WEAK = YES;
				CLANG_WARN_BLOCK_CAPTURE_AUTORELEASING = YES;
				CLANG_WARN_BOOL_CONVERSION = YES;
				CLANG_WARN_COMMA = YES;
				CLANG_WARN_CONSTANT_CONVERSION = YES;
				CLANG_WARN_DEPRECATED_OBJC_IMPLEMENTATIONS = YES;
				CLANG_WARN_DIRECT_OBJC_ISA_USAGE = YES_ERROR;
				CLANG_WARN_DOCUMENTATION_COMMENTS = YES;
				CLANG_WARN_EMPTY_BODY = YES;
				CLANG_WARN_ENUM_CONVERSION = YES;
				CLANG_WARN_INFINITE_RECURSION = YES;
				CLANG_WARN_INT_CONVERSION = YES;
				CLANG_WARN_NON_LITERAL_NULL_CONVERSION = YES;
				CLANG_WARN_OBJC_IMPLICIT_RETAIN_SELF = YES;
				CLANG_WARN_OBJC_LITERAL_CONVERSION = YES;
				CLANG_WARN_OBJC_ROOT_CLASS = YES_ERROR;
				CLANG_WARN_RANGE_LOOP_ANALYSIS = YES;
				CLANG_WARN_STRICT_PROTOTYPES = YES;
				CLANG_WARN_SUSPICIOUS_MOVE = YES;
				CLANG_WARN_UNGUARDED_AVAILABILITY = YES_AGGRESSIVE;
				CLANG_WARN_UNREACHABLE_CODE = YES;
				CLANG_WARN__DUPLICATE_METHOD_MATCH = YES;
				CODE_SIGN_IDENTITY = "iPhone Developer";
				COPY_PHASE_STRIP = NO;
				DEBUG_INFORMATION_FORMAT = dwarf;
				ENABLE_STRICT_OBJC_MSGSEND = YES;
				ENABLE_TESTABILITY = YES;
				GCC_C_LANGUAGE_STANDARD = gnu11;
				GCC_DYNAMIC_NO_PIC = NO;
				GCC_NO_COMMON_BLOCKS = YES;
				GCC_OPTIMIZATION_LEVEL = 0;
				GCC_PREPROCESSOR_DEFINITIONS = (
					"DEBUG=1",
					"$(inherited)",
				);
				GCC_WARN_64_TO_32_BIT_CONVERSION = YES;
				GCC_WARN_ABOUT_RETURN_TYPE = YES_ERROR;
				GCC_WARN_UNDECLARED_SELECTOR = YES;
				GCC_WARN_UNINITIALIZED_AUTOS = YES_AGGRESSIVE;
				GCC_WARN_UNUSED_FUNCTION = YES;
				GCC_WARN_UNUSED_VARIABLE = YES;
				IPHONEOS_DEPLOYMENT_TARGET = 11.4;
				MTL_ENABLE_DEBUG_INFO = YES;
				ONLY_ACTIVE_ARCH = YES;
				SDKROOT = iphoneos;
				SWIFT_ACTIVE_COMPILATION_CONDITIONS = DEBUG;
				SWIFT_OPTIMIZATION_LEVEL = "-Onone";
			};
			name = Debug;
		};
		558FB26B216C93A200E3AB0D /* Release */ = {
			isa = XCBuildConfiguration;
			buildSettings = {
				ALWAYS_SEARCH_USER_PATHS = NO;
				CLANG_ANALYZER_NONNULL = YES;
				CLANG_ANALYZER_NUMBER_OBJECT_CONVERSION = YES_AGGRESSIVE;
				CLANG_CXX_LANGUAGE_STANDARD = "gnu++14";
				CLANG_CXX_LIBRARY = "libc++";
				CLANG_ENABLE_MODULES = YES;
				CLANG_ENABLE_OBJC_ARC = YES;
				CLANG_ENABLE_OBJC_WEAK = YES;
				CLANG_WARN_BLOCK_CAPTURE_AUTORELEASING = YES;
				CLANG_WARN_BOOL_CONVERSION = YES;
				CLANG_WARN_COMMA = YES;
				CLANG_WARN_CONSTANT_CONVERSION = YES;
				CLANG_WARN_DEPRECATED_OBJC_IMPLEMENTATIONS = YES;
				CLANG_WARN_DIRECT_OBJC_ISA_USAGE = YES_ERROR;
				CLANG_WARN_DOCUMENTATION_COMMENTS = YES;
				CLANG_WARN_EMPTY_BODY = YES;
				CLANG_WARN_ENUM_CONVERSION = YES;
				CLANG_WARN_INFINITE_RECURSION = YES;
				CLANG_WARN_INT_CONVERSION = YES;
				CLANG_WARN_NON_LITERAL_NULL_CONVERSION = YES;
				CLANG_WARN_OBJC_IMPLICIT_RETAIN_SELF = YES;
				CLANG_WARN_OBJC_LITERAL_CONVERSION = YES;
				CLANG_WARN_OBJC_ROOT_CLASS = YES_ERROR;
				CLANG_WARN_RANGE_LOOP_ANALYSIS = YES;
				CLANG_WARN_STRICT_PROTOTYPES = YES;
				CLANG_WARN_SUSPICIOUS_MOVE = YES;
				CLANG_WARN_UNGUARDED_AVAILABILITY = YES_AGGRESSIVE;
				CLANG_WARN_UNREACHABLE_CODE = YES;
				CLANG_WARN__DUPLICATE_METHOD_MATCH = YES;
				CODE_SIGN_IDENTITY = "iPhone Developer";
				COPY_PHASE_STRIP = NO;
				DEBUG_INFORMATION_FORMAT = "dwarf-with-dsym";
				ENABLE_NS_ASSERTIONS = NO;
				ENABLE_STRICT_OBJC_MSGSEND = YES;
				GCC_C_LANGUAGE_STANDARD = gnu11;
				GCC_NO_COMMON_BLOCKS = YES;
				GCC_WARN_64_TO_32_BIT_CONVERSION = YES;
				GCC_WARN_ABOUT_RETURN_TYPE = YES_ERROR;
				GCC_WARN_UNDECLARED_SELECTOR = YES;
				GCC_WARN_UNINITIALIZED_AUTOS = YES_AGGRESSIVE;
				GCC_WARN_UNUSED_FUNCTION = YES;
				GCC_WARN_UNUSED_VARIABLE = YES;
				IPHONEOS_DEPLOYMENT_TARGET = 11.4;
				MTL_ENABLE_DEBUG_INFO = NO;
				SDKROOT = iphoneos;
				SWIFT_COMPILATION_MODE = wholemodule;
				SWIFT_OPTIMIZATION_LEVEL = "-O";
				VALIDATE_PRODUCT = YES;
			};
			name = Release;
		};
		558FB26D216C93A200E3AB0D /* Debug */ = {
			isa = XCBuildConfiguration;
			buildSettings = {
				ASSETCATALOG_COMPILER_APPICON_NAME = AppIcon;
				CODE_SIGN_STYLE = Automatic;
				INFOPLIST_FILE = D06/Info.plist;
				LD_RUNPATH_SEARCH_PATHS = (
					"$(inherited)",
					"@executable_path/Frameworks",
				);
				PRODUCT_BUNDLE_IDENTIFIER = d05.D06;
				PRODUCT_NAME = "$(TARGET_NAME)";
				SWIFT_VERSION = 4.0;
				TARGETED_DEVICE_FAMILY = "1,2";
			};
			name = Debug;
		};
		558FB26E216C93A200E3AB0D /* Release */ = {
			isa = XCBuildConfiguration;
			buildSettings = {
				ASSETCATALOG_COMPILER_APPICON_NAME = AppIcon;
				CODE_SIGN_STYLE = Automatic;
				INFOPLIST_FILE = D06/Info.plist;
				LD_RUNPATH_SEARCH_PATHS = (
					"$(inherited)",
					"@executable_path/Frameworks",
				);
				PRODUCT_BUNDLE_IDENTIFIER = d05.D06;
				PRODUCT_NAME = "$(TARGET_NAME)";
				SWIFT_VERSION = 4.0;
				TARGETED_DEVICE_FAMILY = "1,2";
			};
			name = Release;
		};
/* End XCBuildConfiguration section */

/* Begin XCConfigurationList section */
		558FB255216C93A000E3AB0D /* Build configuration list for PBXProject "D06" */ = {
			isa = XCConfigurationList;
			buildConfigurations = (
				558FB26A216C93A200E3AB0D /* Debug */,
				558FB26B216C93A200E3AB0D /* Release */,
			);
			defaultConfigurationIsVisible = 0;
			defaultConfigurationName = Release;
		};
		558FB26C216C93A200E3AB0D /* Build configuration list for PBXNativeTarget "D06" */ = {
			isa = XCConfigurationList;
			buildConfigurations = (
				558FB26D216C93A200E3AB0D /* Debug */,
				558FB26E216C93A200E3AB0D /* Release */,
			);
			defaultConfigurationIsVisible = 0;
			defaultConfigurationName = Release;
		};
/* End XCConfigurationList section */
	};
	rootObject = 558FB252216C93A000E3AB0D /* Project object */;
}
